# This file is autogenerated, do not edit; changes may be undone by the next 'dep ensure'.

memo = "c2bafc6cd4bfb08a8ff195c29cf5a040e1d9207c2f5d3176abe7ccc4799ae302"

[[projects]]
  name = "github.com/Sirupsen/logrus"
  packages = ["."]
  revision = "ba1b36c82c5e05c4f912a88eab0dcd91a171688f"
  version = "v0.11.5"

[[projects]]
  name = "github.com/aws/aws-sdk-go"
  packages = ["aws","aws/awserr","aws/awsutil","aws/client","aws/client/metadata","aws/corehandlers","aws/credentials","aws/credentials/ec2rolecreds","aws/credentials/endpointcreds","aws/credentials/stscreds","aws/defaults","aws/ec2metadata","aws/endpoints","aws/request","aws/session","aws/signer/v4","private/protocol","private/protocol/json/jsonutil","private/protocol/jsonrpc","private/protocol/query","private/protocol/query/queryutil","private/protocol/rest","private/protocol/restxml","private/protocol/xml/xmlutil","service/kinesis","service/kinesis/kinesisiface","service/s3","service/s3/s3iface","service/s3/s3manager","service/sts"]
  revision = "cea091b5b8fe6fcecf0eb6ec8f1a2570ff4ee6a7"
  version = "v1.8.22"

[[projects]]
  name = "github.com/fsnotify/fsnotify"
  packages = ["."]
  revision = "629574ca2a5df945712d3079857300b5e4da0236"
  version = "v1.4.2"

[[projects]]
  name = "github.com/go-ini/ini"
  packages = ["."]
  revision = "e7fea39b01aea8d5671f6858f0532f56e8bff3a5"
  version = "v1.27.0"

[[projects]]
  branch = "master"
  name = "github.com/golang/protobuf"
  packages = ["proto","ptypes/any"]
  revision = "fec3b39b059c0f88fa6b20f5ed012b1aa203a8b4"

[[projects]]
  branch = "master"
  name = "github.com/gorilla/schema"
  packages = ["."]
  revision = "1c72d033473165ade8a126ba64180d76a9212dcd"

[[projects]]
  branch = "master"
  name = "github.com/hashicorp/hcl"
  packages = [".","hcl/ast","hcl/parser","hcl/scanner","hcl/strconv","hcl/token","json/parser","json/scanner","json/token"]
  revision = "392dba7d905ed5d04a5794ba89f558b27e2ba1ca"

[[projects]]
  branch = "master"
  name = "github.com/inconshreveable/mousetrap"
  packages = ["."]
  revision = "76626ae9c91c4f2a10f34cad8ce83ea42c93bb75"

[[projects]]
  name = "github.com/jmespath/go-jmespath"
  packages = ["."]
  revision = "3433f3ea46d9f8019119e7dd41274e112a2359a9"
  version = "0.2.2"

[[projects]]
  name = "github.com/magiconair/properties"
  packages = ["."]
  revision = "f917359f079a3759162704eaa8caeec3d01d9f91"
  version = "v1.7.2"

[[projects]]
  branch = "master"
  name = "github.com/mitchellh/mapstructure"
  packages = ["."]
  revision = "cc8532a8e9a55ea36402aa21efdf403a60d34096"

[[projects]]
  name = "github.com/pelletier/go-buffruneio"
  packages = ["."]
  revision = "c37440a7cf42ac63b919c752ca73a85067e05992"
  version = "v0.2.0"

[[projects]]
  name = "github.com/pelletier/go-toml"
  packages = ["."]
  revision = "13d49d4606eb801b8f01ae542b4afc4c6ee3d84a"
  version = "v0.5.0"

[[projects]]
  name = "github.com/pkg/errors"
  packages = ["."]
  revision = "645ef00459ed84a119197bfb8d8205042c6df63d"
  version = "v0.8.0"

[[projects]]
  branch = "master"
  name = "github.com/spf13/afero"
  packages = [".","mem"]
  revision = "9be650865eab0c12963d8753212f4f9c66cdcf12"

[[projects]]
  name = "github.com/spf13/cast"
  packages = ["."]
  revision = "acbeb36b902d72a7a4c18e8f3241075e7ab763e4"
  version = "v1.1.0"

[[projects]]
  branch = "master"
  name = "github.com/spf13/cobra"
  packages = ["."]
  revision = "90687e7bfc7e1e5cd88eb1f513f32f01dc03dd7c"

[[projects]]
  branch = "master"
  name = "github.com/spf13/jwalterweatherman"
  packages = ["."]
  revision = "8f07c835e5cc1450c082fe3a439cf87b0cbb2d99"

[[projects]]
  branch = "master"
  name = "github.com/spf13/pflag"
  packages = ["."]
  revision = "e57e3eeb33f795204c1ca35f56c44f83227c6e66"

[[projects]]
  branch = "master"
  name = "github.com/spf13/viper"
  packages = ["."]
  revision = "0967fc9aceab2ce9da34061253ac10fb99bba5b2"

[[projects]]
  branch = "master"
  name = "golang.org/x/net"
  packages = ["context","http2","http2/hpack","idna","internal/timeseries","lex/httplex","trace"]
  revision = "84f0e6f92b10139f986b1756e149a7d9de270cdc"

[[projects]]
  branch = "master"
  name = "golang.org/x/sys"
  packages = ["unix"]
  revision = "f845067cf72a21fb4929b0e6a35273bd83b56396"

[[projects]]
  branch = "master"
  name = "golang.org/x/text"
  packages = ["internal/gen","internal/triegen","internal/ucd","secure/bidirule","transform","unicode/bidi","unicode/cldr","unicode/norm","unicode/rangetable"]
  revision = "19e51611da83d6be54ddafce4a4af510cb3e9ea4"

[[projects]]
  branch = "master"
  name = "google.golang.org/genproto"
  packages = ["googleapis/rpc/status"]
  revision = "411e09b969b1170a9f0c467558eb4c4c110d9c77"

[[projects]]
  name = "google.golang.org/grpc"
  packages = [".","codes","credentials","grpclb/grpc_lb_v1","grpclog","internal","keepalive","metadata","naming","peer","stats","status","tap","transport"]
  revision = "d2e1b51f33ff8c5e4a15560ff049d200e83726c5"
  version = "v1.3.0"

[[projects]]
  branch = "v2"
  name = "gopkg.in/yaml.v2"
  packages = ["."]
  revision = "cd8b52f8269e0feb286dfeef29f8fe4d5b397e0b"
